
Microsoft Visual Studio Solution File, Format Version 12.00
# Visual Studio Version 16
VisualStudioVersion = 16.0.30717.126
MinimumVisualStudioVersion = 10.0.40219.1
Project("{FAE04EC0-301F-11D3-BF4B-00C04F79EFBC}") = "EntranceExam", "EntranceExam\EntranceExam.csproj", "{EA60A120-ABE0-4DEF-A256-EBE0F1613BC3}"
EndProject
Global
	GlobalSection(SolutionConfigurationPlatforms) = preSolution
		Debug|Any CPU = Debug|Any CPU
		Release|Any CPU = Release|Any CPU
	EndGlobalSection
	GlobalSection(ProjectConfigurationPlatforms) = postSolution
		{EA60A120-ABE0-4DEF-A256-EBE0F1613BC3}.Debug|Any CPU.ActiveCfg = Debug|Any CPU
		{EA60A120-ABE0-4DEF-A256-EBE0F1613BC3}.Debug|Any CPU.Build.0 = Debug|Any CPU
		{EA60A120-ABE0-4DEF-A256-EBE0F1613BC3}.Release|Any CPU.ActiveCfg = Release|Any CPU
		{EA60A120-ABE0-4DEF-A256-EBE0F1613BC3}.Release|Any CPU.Build.0 = Release|Any CPU
	EndGlobalSection
	GlobalSection(SolutionProperties) = preSolution
		HideSolutionNode = FALSE
	EndGlobalSection
	GlobalSection(ExtensibilityGlobals) = postSolution
		SolutionGuid = {D2C29803-7F60-4358-AD76-4DFB0DD35CDF}
	EndGlobalSection
EndGlobal
